// !$*UTF8*$!
{
	archiveVersion = 1;
	classes = {
	};
	objectVersion = 46;
	objects = {

/* Begin PBXBuildFile section */
		841C5BE31F0745C900165A93 /* Section.swift in Sources */ = {isa = PBXBuildFile; fileRef = 841C5BE21F0745C900165A93 /* Section.swift */; };
		841C5BE51F0749E500165A93 /* ExpandableHeaderView.swift in Sources */ = {isa = PBXBuildFile; fileRef = 841C5BE41F0749E500165A93 /* ExpandableHeaderView.swift */; };
		F20FDA511EE94BE900180D36 /* PageVC.swift in Sources */ = {isa = PBXBuildFile; fileRef = F20FDA501EE94BE900180D36 /* PageVC.swift */; };
		F20FDA531EE94C1300180D36 /* BaseModelController.swift in Sources */ = {isa = PBXBuildFile; fileRef = F20FDA521EE94C1300180D36 /* BaseModelController.swift */; };
		F20FDA551EE94C8100180D36 /* BluVC.swift in Sources */ = {isa = PBXBuildFile; fileRef = F20FDA541EE94C8100180D36 /* BluVC.swift */; };
		F20FDA571EE94C9500180D36 /* RedVC.swift in Sources */ = {isa = PBXBuildFile; fileRef = F20FDA561EE94C9500180D36 /* RedVC.swift */; };
		F20FDA591EE94CAF00180D36 /* GreenVC.swift in Sources */ = {isa = PBXBuildFile; fileRef = F20FDA581EE94CAF00180D36 /* GreenVC.swift */; };
		F211EA071EE6B1B100E1859C /* ShadowView.swift in Sources */ = {isa = PBXBuildFile; fileRef = F211EA061EE6B1B100E1859C /* ShadowView.swift */; };
		F2126FBC1F05105F007D9624 /* ImageView.swift in Sources */ = {isa = PBXBuildFile; fileRef = F2126FBB1F05105F007D9624 /* ImageView.swift */; };
		F26DA25C1EF374A400351314 /* CalculatorBrain.swift in Sources */ = {isa = PBXBuildFile; fileRef = F26DA25B1EF374A400351314 /* CalculatorBrain.swift */; };
		F27CF35B1EEA10B90037F241 /* Records.storyboard in Resources */ = {isa = PBXBuildFile; fileRef = F27CF3591EEA10B90037F241 /* Records.storyboard */; };
		F283E7A61EEB9C2B00E65410 /* RecordsVC+SideMenu.swift in Sources */ = {isa = PBXBuildFile; fileRef = F283E7A51EEB9C2B00E65410 /* RecordsVC+SideMenu.swift */; };
		F283E7A81EEB9C4800E65410 /* RecordsVC + KeyBoard.swift in Sources */ = {isa = PBXBuildFile; fileRef = F283E7A71EEB9C4800E65410 /* RecordsVC + KeyBoard.swift */; };
		F287D86A1EE7819800E45E43 /* SideMenuRecords.swift in Sources */ = {isa = PBXBuildFile; fileRef = F287D8691EE7819800E45E43 /* SideMenuRecords.swift */; };
		F28A35051EDD79A10043D70D /* CalculatorVC.swift in Sources */ = {isa = PBXBuildFile; fileRef = F28A35041EDD79A10043D70D /* CalculatorVC.swift */; };
		F2A0EBC21F038D4B00B25DF8 /* DataService.swift in Sources */ = {isa = PBXBuildFile; fileRef = F2A0EBC11F038D4B00B25DF8 /* DataService.swift */; };
		F2AA656C1F034DC900E2E64D /* RecordsNavi.swift in Sources */ = {isa = PBXBuildFile; fileRef = F2AA656B1F034DC900E2E64D /* RecordsNavi.swift */; };
		F2AA65721F03524900E2E64D /* ExpenseCategoriesTVC.swift in Sources */ = {isa = PBXBuildFile; fileRef = F2AA65711F03524900E2E64D /* ExpenseCategoriesTVC.swift */; };
		F2AA65741F03528600E2E64D /* CellTableView.swift in Sources */ = {isa = PBXBuildFile; fileRef = F2AA65731F03528600E2E64D /* CellTableView.swift */; };
		F2AA65781F03599F00E2E64D /* Sections.swift in Sources */ = {isa = PBXBuildFile; fileRef = F2AA65771F03599F00E2E64D /* Sections.swift */; };
		F2AA657B1F0363D100E2E64D /* Section.json in Resources */ = {isa = PBXBuildFile; fileRef = F2AA657A1F0363D100E2E64D /* Section.json */; };
		F2B4FA9A1EDD6F710032F205 /* ButtonCustom.swift in Sources */ = {isa = PBXBuildFile; fileRef = F2B4FA991EDD6F710032F205 /* ButtonCustom.swift */; };
		F2B4FA9C1EDD753B0032F205 /* RecordsVC.swift in Sources */ = {isa = PBXBuildFile; fileRef = F2B4FA9B1EDD753B0032F205 /* RecordsVC.swift */; };
		F2B4FA9E1EDD75F50032F205 /* Expense.swift in Sources */ = {isa = PBXBuildFile; fileRef = F2B4FA9D1EDD75F50032F205 /* Expense.swift */; };
		F2B4FAA01EDD766F0032F205 /* NotificationKey.swift in Sources */ = {isa = PBXBuildFile; fileRef = F2B4FA9F1EDD766F0032F205 /* NotificationKey.swift */; };
		F2C3AB1D1EDD595700D1F39B /* AppDelegate.swift in Sources */ = {isa = PBXBuildFile; fileRef = F2C3AB1C1EDD595700D1F39B /* AppDelegate.swift */; };
		F2C3AB221EDD595700D1F39B /* Main.storyboard in Resources */ = {isa = PBXBuildFile; fileRef = F2C3AB201EDD595700D1F39B /* Main.storyboard */; };
		F2C3AB241EDD595700D1F39B /* Assets.xcassets in Resources */ = {isa = PBXBuildFile; fileRef = F2C3AB231EDD595700D1F39B /* Assets.xcassets */; };
		F2C3AB271EDD595700D1F39B /* LaunchScreen.storyboard in Resources */ = {isa = PBXBuildFile; fileRef = F2C3AB251EDD595700D1F39B /* LaunchScreen.storyboard */; };
		F2C3AB321EDD595800D1F39B /* MoneyKeeperTests.swift in Sources */ = {isa = PBXBuildFile; fileRef = F2C3AB311EDD595800D1F39B /* MoneyKeeperTests.swift */; };
		F2C3AB3D1EDD595800D1F39B /* MoneyKeeperUITests.swift in Sources */ = {isa = PBXBuildFile; fileRef = F2C3AB3C1EDD595800D1F39B /* MoneyKeeperUITests.swift */; };
/* End PBXBuildFile section */

/* Begin PBXContainerItemProxy section */
		F2C3AB2E1EDD595800D1F39B /* PBXContainerItemProxy */ = {
			isa = PBXContainerItemProxy;
			containerPortal = F2C3AB111EDD595700D1F39B /* Project object */;
			proxyType = 1;
			remoteGlobalIDString = F2C3AB181EDD595700D1F39B;
			remoteInfo = MoneyKeeper;
		};
		F2C3AB391EDD595800D1F39B /* PBXContainerItemProxy */ = {
			isa = PBXContainerItemProxy;
			containerPortal = F2C3AB111EDD595700D1F39B /* Project object */;
			proxyType = 1;
			remoteGlobalIDString = F2C3AB181EDD595700D1F39B;
			remoteInfo = MoneyKeeper;
		};
/* End PBXContainerItemProxy section */

/* Begin PBXFileReference section */
		841C5BE21F0745C900165A93 /* Section.swift */ = {isa = PBXFileReference; fileEncoding = 4; lastKnownFileType = sourcecode.swift; path = Section.swift; sourceTree = "<group>"; };
		841C5BE41F0749E500165A93 /* ExpandableHeaderView.swift */ = {isa = PBXFileReference; fileEncoding = 4; lastKnownFileType = sourcecode.swift; path = ExpandableHeaderView.swift; sourceTree = "<group>"; };
		F20FDA501EE94BE900180D36 /* PageVC.swift */ = {isa = PBXFileReference; fileEncoding = 4; lastKnownFileType = sourcecode.swift; path = PageVC.swift; sourceTree = "<group>"; };
		F20FDA521EE94C1300180D36 /* BaseModelController.swift */ = {isa = PBXFileReference; fileEncoding = 4; lastKnownFileType = sourcecode.swift; name = BaseModelController.swift; path = ../BaseModelController.swift; sourceTree = "<group>"; };
		F20FDA541EE94C8100180D36 /* BluVC.swift */ = {isa = PBXFileReference; fileEncoding = 4; lastKnownFileType = sourcecode.swift; path = BluVC.swift; sourceTree = "<group>"; };
		F20FDA561EE94C9500180D36 /* RedVC.swift */ = {isa = PBXFileReference; fileEncoding = 4; lastKnownFileType = sourcecode.swift; path = RedVC.swift; sourceTree = "<group>"; };
		F20FDA581EE94CAF00180D36 /* GreenVC.swift */ = {isa = PBXFileReference; fileEncoding = 4; lastKnownFileType = sourcecode.swift; path = GreenVC.swift; sourceTree = "<group>"; };
		F211EA061EE6B1B100E1859C /* ShadowView.swift */ = {isa = PBXFileReference; fileEncoding = 4; lastKnownFileType = sourcecode.swift; path = ShadowView.swift; sourceTree = "<group>"; };
		F2126FBB1F05105F007D9624 /* ImageView.swift */ = {isa = PBXFileReference; fileEncoding = 4; lastKnownFileType = sourcecode.swift; path = ImageView.swift; sourceTree = "<group>"; };
		F26DA25B1EF374A400351314 /* CalculatorBrain.swift */ = {isa = PBXFileReference; fileEncoding = 4; lastKnownFileType = sourcecode.swift; path = CalculatorBrain.swift; sourceTree = "<group>"; };
		F27CF35A1EEA10B90037F241 /* Base */ = {isa = PBXFileReference; lastKnownFileType = file.storyboard; name = Base; path = Base.lproj/Records.storyboard; sourceTree = "<group>"; };
		F283E7A51EEB9C2B00E65410 /* RecordsVC+SideMenu.swift */ = {isa = PBXFileReference; fileEncoding = 4; lastKnownFileType = sourcecode.swift; path = "RecordsVC+SideMenu.swift"; sourceTree = "<group>"; };
		F283E7A71EEB9C4800E65410 /* RecordsVC + KeyBoard.swift */ = {isa = PBXFileReference; fileEncoding = 4; lastKnownFileType = sourcecode.swift; path = "RecordsVC + KeyBoard.swift"; sourceTree = "<group>"; };
		F287D8691EE7819800E45E43 /* SideMenuRecords.swift */ = {isa = PBXFileReference; fileEncoding = 4; lastKnownFileType = sourcecode.swift; path = SideMenuRecords.swift; sourceTree = "<group>"; };
		F28A35041EDD79A10043D70D /* CalculatorVC.swift */ = {isa = PBXFileReference; fileEncoding = 4; lastKnownFileType = sourcecode.swift; path = CalculatorVC.swift; sourceTree = "<group>"; };
		F2A0EBC11F038D4B00B25DF8 /* DataService.swift */ = {isa = PBXFileReference; fileEncoding = 4; lastKnownFileType = sourcecode.swift; path = DataService.swift; sourceTree = "<group>"; };
		F2AA656B1F034DC900E2E64D /* RecordsNavi.swift */ = {isa = PBXFileReference; fileEncoding = 4; lastKnownFileType = sourcecode.swift; path = RecordsNavi.swift; sourceTree = "<group>"; };
		F2AA65711F03524900E2E64D /* ExpenseCategoriesTVC.swift */ = {isa = PBXFileReference; fileEncoding = 4; lastKnownFileType = sourcecode.swift; path = ExpenseCategoriesTVC.swift; sourceTree = "<group>"; };
		F2AA65731F03528600E2E64D /* CellTableView.swift */ = {isa = PBXFileReference; fileEncoding = 4; lastKnownFileType = sourcecode.swift; path = CellTableView.swift; sourceTree = "<group>"; };
		F2AA65771F03599F00E2E64D /* Sections.swift */ = {isa = PBXFileReference; fileEncoding = 4; lastKnownFileType = sourcecode.swift; path = Sections.swift; sourceTree = "<group>"; };
		F2AA657A1F0363D100E2E64D /* Section.json */ = {isa = PBXFileReference; fileEncoding = 4; lastKnownFileType = text.json; path = Section.json; sourceTree = "<group>"; };
		F2B4FA991EDD6F710032F205 /* ButtonCustom.swift */ = {isa = PBXFileReference; fileEncoding = 4; lastKnownFileType = sourcecode.swift; name = ButtonCustom.swift; path = ../ButtonCustom.swift; sourceTree = "<group>"; };
		F2B4FA9B1EDD753B0032F205 /* RecordsVC.swift */ = {isa = PBXFileReference; fileEncoding = 4; lastKnownFileType = sourcecode.swift; path = RecordsVC.swift; sourceTree = "<group>"; };
		F2B4FA9D1EDD75F50032F205 /* Expense.swift */ = {isa = PBXFileReference; fileEncoding = 4; lastKnownFileType = sourcecode.swift; path = Expense.swift; sourceTree = "<group>"; };
		F2B4FA9F1EDD766F0032F205 /* NotificationKey.swift */ = {isa = PBXFileReference; fileEncoding = 4; lastKnownFileType = sourcecode.swift; path = NotificationKey.swift; sourceTree = "<group>"; };
		F2C3AB191EDD595700D1F39B /* MoneyKeeper.app */ = {isa = PBXFileReference; explicitFileType = wrapper.application; includeInIndex = 0; path = MoneyKeeper.app; sourceTree = BUILT_PRODUCTS_DIR; };
		F2C3AB1C1EDD595700D1F39B /* AppDelegate.swift */ = {isa = PBXFileReference; lastKnownFileType = sourcecode.swift; path = AppDelegate.swift; sourceTree = "<group>"; };
		F2C3AB211EDD595700D1F39B /* Base */ = {isa = PBXFileReference; lastKnownFileType = file.storyboard; name = Base; path = Base.lproj/Main.storyboard; sourceTree = "<group>"; };
		F2C3AB231EDD595700D1F39B /* Assets.xcassets */ = {isa = PBXFileReference; lastKnownFileType = folder.assetcatalog; path = Assets.xcassets; sourceTree = "<group>"; };
		F2C3AB261EDD595700D1F39B /* Base */ = {isa = PBXFileReference; lastKnownFileType = file.storyboard; name = Base; path = Base.lproj/LaunchScreen.storyboard; sourceTree = "<group>"; };
		F2C3AB281EDD595700D1F39B /* Info.plist */ = {isa = PBXFileReference; lastKnownFileType = text.plist.xml; path = Info.plist; sourceTree = "<group>"; };
		F2C3AB2D1EDD595800D1F39B /* MoneyKeeperTests.xctest */ = {isa = PBXFileReference; explicitFileType = wrapper.cfbundle; includeInIndex = 0; path = MoneyKeeperTests.xctest; sourceTree = BUILT_PRODUCTS_DIR; };
		F2C3AB311EDD595800D1F39B /* MoneyKeeperTests.swift */ = {isa = PBXFileReference; lastKnownFileType = sourcecode.swift; path = MoneyKeeperTests.swift; sourceTree = "<group>"; };
		F2C3AB331EDD595800D1F39B /* Info.plist */ = {isa = PBXFileReference; lastKnownFileType = text.plist.xml; path = Info.plist; sourceTree = "<group>"; };
		F2C3AB381EDD595800D1F39B /* MoneyKeeperUITests.xctest */ = {isa = PBXFileReference; explicitFileType = wrapper.cfbundle; includeInIndex = 0; path = MoneyKeeperUITests.xctest; sourceTree = BUILT_PRODUCTS_DIR; };
		F2C3AB3C1EDD595800D1F39B /* MoneyKeeperUITests.swift */ = {isa = PBXFileReference; lastKnownFileType = sourcecode.swift; path = MoneyKeeperUITests.swift; sourceTree = "<group>"; };
		F2C3AB3E1EDD595800D1F39B /* Info.plist */ = {isa = PBXFileReference; lastKnownFileType = text.plist.xml; path = Info.plist; sourceTree = "<group>"; };
/* End PBXFileReference section */

/* Begin PBXFrameworksBuildPhase section */
		F2C3AB161EDD595700D1F39B /* Frameworks */ = {
			isa = PBXFrameworksBuildPhase;
			buildActionMask = 2147483647;
			files = (
			);
			runOnlyForDeploymentPostprocessing = 0;
		};
		F2C3AB2A1EDD595800D1F39B /* Frameworks */ = {
			isa = PBXFrameworksBuildPhase;
			buildActionMask = 2147483647;
			files = (
			);
			runOnlyForDeploymentPostprocessing = 0;
		};
		F2C3AB351EDD595800D1F39B /* Frameworks */ = {
			isa = PBXFrameworksBuildPhase;
			buildActionMask = 2147483647;
			files = (
			);
			runOnlyForDeploymentPostprocessing = 0;
		};
/* End PBXFrameworksBuildPhase section */

/* Begin PBXGroup section */
		F23EBD8D1EEA966B005C0318 /* SideMenu */ = {
			isa = PBXGroup;
			children = (
				F287D8691EE7819800E45E43 /* SideMenuRecords.swift */,
			);
			name = SideMenu;
			sourceTree = "<group>";
		};
		F27CF35C1EEA12370037F241 /* PageViewController */ = {
			isa = PBXGroup;
			children = (
				F20FDA501EE94BE900180D36 /* PageVC.swift */,
				F28A350A1EDD7ECA0043D70D /* MenuTab */,
			);
			name = PageViewController;
			sourceTree = "<group>";
		};
		F28A35061EDD7E560043D70D /* Controller */ = {
			isa = PBXGroup;
			children = (
				F28A35091EDD7EAA0043D70D /* ContainerRecords */,
			);
			name = Controller;
			sourceTree = "<group>";
		};
		F28A35071EDD7E720043D70D /* KeyBoard */ = {
			isa = PBXGroup;
			children = (
				F28A35041EDD79A10043D70D /* CalculatorVC.swift */,
			);
			name = KeyBoard;
			sourceTree = "<group>";
		};
		F28A35081EDD7E870043D70D /* Support */ = {
			isa = PBXGroup;
			children = (
				F211EA061EE6B1B100E1859C /* ShadowView.swift */,
				F2B4FA991EDD6F710032F205 /* ButtonCustom.swift */,
				F2B4FA9F1EDD766F0032F205 /* NotificationKey.swift */,
				F2C3AB231EDD595700D1F39B /* Assets.xcassets */,
				F2AA657A1F0363D100E2E64D /* Section.json */,
				F2C3AB281EDD595700D1F39B /* Info.plist */,
				F2126FBB1F05105F007D9624 /* ImageView.swift */,
			);
			name = Support;
			path = MoneyKeeper;
			sourceTree = "<group>";
		};
		F28A35091EDD7EAA0043D70D /* ContainerRecords */ = {
			isa = PBXGroup;
			children = (
				F2B4FA9B1EDD753B0032F205 /* RecordsVC.swift */,
				F283E7A51EEB9C2B00E65410 /* RecordsVC+SideMenu.swift */,
				F283E7A71EEB9C4800E65410 /* RecordsVC + KeyBoard.swift */,
				F2AA656B1F034DC900E2E64D /* RecordsNavi.swift */,
				F28A35071EDD7E720043D70D /* KeyBoard */,
				F23EBD8D1EEA966B005C0318 /* SideMenu */,
				F27CF35C1EEA12370037F241 /* PageViewController */,
			);
			name = ContainerRecords;
			sourceTree = "<group>";
		};
		F28A350A1EDD7ECA0043D70D /* MenuTab */ = {
			isa = PBXGroup;
			children = (
				F2AA65701F03521E00E2E64D /* Expense */,
				F20FDA541EE94C8100180D36 /* BluVC.swift */,
				F20FDA561EE94C9500180D36 /* RedVC.swift */,
				F20FDA581EE94CAF00180D36 /* GreenVC.swift */,
			);
			name = MenuTab;
			sourceTree = "<group>";
		};
		F28A350B1EDD7F100043D70D /* StoryBoard */ = {
			isa = PBXGroup;
			children = (
				F2C3AB201EDD595700D1F39B /* Main.storyboard */,
				F27CF3591EEA10B90037F241 /* Records.storyboard */,
				F2C3AB251EDD595700D1F39B /* LaunchScreen.storyboard */,
			);
			name = StoryBoard;
			sourceTree = "<group>";
		};
		F2AA65701F03521E00E2E64D /* Expense */ = {
			isa = PBXGroup;
			children = (
				F2B4FA9D1EDD75F50032F205 /* Expense.swift */,
				F2AA65711F03524900E2E64D /* ExpenseCategoriesTVC.swift */,
			);
			name = Expense;
			sourceTree = "<group>";
		};
		F2AA65791F0359F200E2E64D /* Service */ = {
			isa = PBXGroup;
			children = (
				F2A0EBC11F038D4B00B25DF8 /* DataService.swift */,
			);
			name = Service;
			sourceTree = "<group>";
		};
		F2C3AB101EDD595700D1F39B = {
			isa = PBXGroup;
			children = (
				F2C3AB1B1EDD595700D1F39B /* MoneyKeeper */,
				F28A35081EDD7E870043D70D /* Support */,
				F2C3AB301EDD595800D1F39B /* MoneyKeeperTests */,
				F2C3AB3B1EDD595800D1F39B /* MoneyKeeperUITests */,
				F2C3AB1A1EDD595700D1F39B /* Products */,
			);
			sourceTree = "<group>";
		};
		F2C3AB1A1EDD595700D1F39B /* Products */ = {
			isa = PBXGroup;
			children = (
				F2C3AB191EDD595700D1F39B /* MoneyKeeper.app */,
				F2C3AB2D1EDD595800D1F39B /* MoneyKeeperTests.xctest */,
				F2C3AB381EDD595800D1F39B /* MoneyKeeperUITests.xctest */,
			);
			name = Products;
			sourceTree = "<group>";
		};
		F2C3AB1B1EDD595700D1F39B /* MoneyKeeper */ = {
			isa = PBXGroup;
			children = (
				F2C3AB1C1EDD595700D1F39B /* AppDelegate.swift */,
				F2EC7C2E1F00ED6C0068C0CB /* Model */,
				F2AA65791F0359F200E2E64D /* Service */,
				F28A350B1EDD7F100043D70D /* StoryBoard */,
				F28A35061EDD7E560043D70D /* Controller */,
			);
			path = MoneyKeeper;
			sourceTree = "<group>";
		};
		F2C3AB301EDD595800D1F39B /* MoneyKeeperTests */ = {
			isa = PBXGroup;
			children = (
				F2C3AB311EDD595800D1F39B /* MoneyKeeperTests.swift */,
				F2C3AB331EDD595800D1F39B /* Info.plist */,
			);
			path = MoneyKeeperTests;
			sourceTree = "<group>";
		};
		F2C3AB3B1EDD595800D1F39B /* MoneyKeeperUITests */ = {
			isa = PBXGroup;
			children = (
				F2C3AB3C1EDD595800D1F39B /* MoneyKeeperUITests.swift */,
				F2C3AB3E1EDD595800D1F39B /* Info.plist */,
			);
			path = MoneyKeeperUITests;
			sourceTree = "<group>";
		};
		F2EC7C2E1F00ED6C0068C0CB /* Model */ = {
			isa = PBXGroup;
			children = (
				F26DA25B1EF374A400351314 /* CalculatorBrain.swift */,
				F20FDA521EE94C1300180D36 /* BaseModelController.swift */,
				F2AA65771F03599F00E2E64D /* Sections.swift */,
				841C5BE21F0745C900165A93 /* Section.swift */,
				F2AA65731F03528600E2E64D /* CellTableView.swift */,
				841C5BE41F0749E500165A93 /* ExpandableHeaderView.swift */,
			);
			name = Model;
			sourceTree = "<group>";
		};
/* End PBXGroup section */

/* Begin PBXNativeTarget section */
		F2C3AB181EDD595700D1F39B /* MoneyKeeper */ = {
			isa = PBXNativeTarget;
			buildConfigurationList = F2C3AB411EDD595800D1F39B /* Build configuration list for PBXNativeTarget "MoneyKeeper" */;
			buildPhases = (
				F2C3AB151EDD595700D1F39B /* Sources */,
				F2C3AB161EDD595700D1F39B /* Frameworks */,
				F2C3AB171EDD595700D1F39B /* Resources */,
			);
			buildRules = (
			);
			dependencies = (
			);
			name = MoneyKeeper;
			productName = MoneyKeeper;
			productReference = F2C3AB191EDD595700D1F39B /* MoneyKeeper.app */;
			productType = "com.apple.product-type.application";
		};
		F2C3AB2C1EDD595800D1F39B /* MoneyKeeperTests */ = {
			isa = PBXNativeTarget;
			buildConfigurationList = F2C3AB441EDD595800D1F39B /* Build configuration list for PBXNativeTarget "MoneyKeeperTests" */;
			buildPhases = (
				F2C3AB291EDD595800D1F39B /* Sources */,
				F2C3AB2A1EDD595800D1F39B /* Frameworks */,
				F2C3AB2B1EDD595800D1F39B /* Resources */,
			);
			buildRules = (
			);
			dependencies = (
				F2C3AB2F1EDD595800D1F39B /* PBXTargetDependency */,
			);
			name = MoneyKeeperTests;
			productName = MoneyKeeperTests;
			productReference = F2C3AB2D1EDD595800D1F39B /* MoneyKeeperTests.xctest */;
			productType = "com.apple.product-type.bundle.unit-test";
		};
		F2C3AB371EDD595800D1F39B /* MoneyKeeperUITests */ = {
			isa = PBXNativeTarget;
			buildConfigurationList = F2C3AB471EDD595800D1F39B /* Build configuration list for PBXNativeTarget "MoneyKeeperUITests" */;
			buildPhases = (
				F2C3AB341EDD595800D1F39B /* Sources */,
				F2C3AB351EDD595800D1F39B /* Frameworks */,
				F2C3AB361EDD595800D1F39B /* Resources */,
			);
			buildRules = (
			);
			dependencies = (
				F2C3AB3A1EDD595800D1F39B /* PBXTargetDependency */,
			);
			name = MoneyKeeperUITests;
			productName = MoneyKeeperUITests;
			productReference = F2C3AB381EDD595800D1F39B /* MoneyKeeperUITests.xctest */;
			productType = "com.apple.product-type.bundle.ui-testing";
		};
/* End PBXNativeTarget section */

/* Begin PBXProject section */
		F2C3AB111EDD595700D1F39B /* Project object */ = {
			isa = PBXProject;
			attributes = {
				LastSwiftUpdateCheck = 0830;
				LastUpgradeCheck = 0830;
				ORGANIZATIONNAME = "Tran Chung";
				TargetAttributes = {
					F2C3AB181EDD595700D1F39B = {
						CreatedOnToolsVersion = 8.3.2;
						ProvisioningStyle = Automatic;
					};
					F2C3AB2C1EDD595800D1F39B = {
						CreatedOnToolsVersion = 8.3.2;
						ProvisioningStyle = Automatic;
						TestTargetID = F2C3AB181EDD595700D1F39B;
					};
					F2C3AB371EDD595800D1F39B = {
						CreatedOnToolsVersion = 8.3.2;
						ProvisioningStyle = Automatic;
						TestTargetID = F2C3AB181EDD595700D1F39B;
					};
				};
			};
			buildConfigurationList = F2C3AB141EDD595700D1F39B /* Build configuration list for PBXProject "MoneyKeeper" */;
			compatibilityVersion = "Xcode 3.2";
			developmentRegion = English;
			hasScannedForEncodings = 0;
			knownRegions = (
				en,
				Base,
			);
			mainGroup = F2C3AB101EDD595700D1F39B;
			productRefGroup = F2C3AB1A1EDD595700D1F39B /* Products */;
			projectDirPath = "";
			projectRoot = "";
			targets = (
				F2C3AB181EDD595700D1F39B /* MoneyKeeper */,
				F2C3AB2C1EDD595800D1F39B /* MoneyKeeperTests */,
				F2C3AB371EDD595800D1F39B /* MoneyKeeperUITests */,
			);
		};
/* End PBXProject section */

/* Begin PBXResourcesBuildPhase section */
		F2C3AB171EDD595700D1F39B /* Resources */ = {
			isa = PBXResourcesBuildPhase;
			buildActionMask = 2147483647;
			files = (
				F2C3AB271EDD595700D1F39B /* LaunchScreen.storyboard in Resources */,
				F2C3AB241EDD595700D1F39B /* Assets.xcassets in Resources */,
				F2C3AB221EDD595700D1F39B /* Main.storyboard in Resources */,
				F27CF35B1EEA10B90037F241 /* Records.storyboard in Resources */,
				F2AA657B1F0363D100E2E64D /* Section.json in Resources */,
			);
			runOnlyForDeploymentPostprocessing = 0;
		};
		F2C3AB2B1EDD595800D1F39B /* Resources */ = {
			isa = PBXResourcesBuildPhase;
			buildActionMask = 2147483647;
			files = (
			);
			runOnlyForDeploymentPostprocessing = 0;
		};
		F2C3AB361EDD595800D1F39B /* Resources */ = {
			isa = PBXResourcesBuildPhase;
			buildActionMask = 2147483647;
			files = (
			);
			runOnlyForDeploymentPostprocessing = 0;
		};
/* End PBXResourcesBuildPhase section */

/* Begin PBXSourcesBuildPhase section */
		F2C3AB151EDD595700D1F39B /* Sources */ = {
			isa = PBXSourcesBuildPhase;
			buildActionMask = 2147483647;
			files = (
				F2B4FA9E1EDD75F50032F205 /* Expense.swift in Sources */,
				841C5BE51F0749E500165A93 /* ExpandableHeaderView.swift in Sources */,
				F2B4FA9A1EDD6F710032F205 /* ButtonCustom.swift in Sources */,
				F2AA65781F03599F00E2E64D /* Sections.swift in Sources */,
				F20FDA591EE94CAF00180D36 /* GreenVC.swift in Sources */,
				F2A0EBC21F038D4B00B25DF8 /* DataService.swift in Sources */,
				F20FDA531EE94C1300180D36 /* BaseModelController.swift in Sources */,
				F2B4FAA01EDD766F0032F205 /* NotificationKey.swift in Sources */,
				F2B4FA9C1EDD753B0032F205 /* RecordsVC.swift in Sources */,
				F26DA25C1EF374A400351314 /* CalculatorBrain.swift in Sources */,
				F287D86A1EE7819800E45E43 /* SideMenuRecords.swift in Sources */,
				F2C3AB1D1EDD595700D1F39B /* AppDelegate.swift in Sources */,
				F2126FBC1F05105F007D9624 /* ImageView.swift in Sources */,
				F28A35051EDD79A10043D70D /* CalculatorVC.swift in Sources */,
				F20FDA551EE94C8100180D36 /* BluVC.swift in Sources */,
				F20FDA511EE94BE900180D36 /* PageVC.swift in Sources */,
				F2AA65721F03524900E2E64D /* ExpenseCategoriesTVC.swift in Sources */,
				F283E7A81EEB9C4800E65410 /* RecordsVC + KeyBoard.swift in Sources */,
				F20FDA571EE94C9500180D36 /* RedVC.swift in Sources */,
				F2AA656C1F034DC900E2E64D /* RecordsNavi.swift in Sources */,
				F283E7A61EEB9C2B00E65410 /* RecordsVC+SideMenu.swift in Sources */,
				841C5BE31F0745C900165A93 /* Section.swift in Sources */,
				F211EA071EE6B1B100E1859C /* ShadowView.swift in Sources */,
				F2AA65741F03528600E2E64D /* CellTableView.swift in Sources */,
			);
			runOnlyForDeploymentPostprocessing = 0;
		};
		F2C3AB291EDD595800D1F39B /* Sources */ = {
			isa = PBXSourcesBuildPhase;
			buildActionMask = 2147483647;
			files = (
				F2C3AB321EDD595800D1F39B /* MoneyKeeperTests.swift in Sources */,
			);
			runOnlyForDeploymentPostprocessing = 0;
		};
		F2C3AB341EDD595800D1F39B /* Sources */ = {
			isa = PBXSourcesBuildPhase;
			buildActionMask = 2147483647;
			files = (
				F2C3AB3D1EDD595800D1F39B /* MoneyKeeperUITests.swift in Sources */,
			);
			runOnlyForDeploymentPostprocessing = 0;
		};
/* End PBXSourcesBuildPhase section */

/* Begin PBXTargetDependency section */
		F2C3AB2F1EDD595800D1F39B /* PBXTargetDependency */ = {
			isa = PBXTargetDependency;
			target = F2C3AB181EDD595700D1F39B /* MoneyKeeper */;
			targetProxy = F2C3AB2E1EDD595800D1F39B /* PBXContainerItemProxy */;
		};
		F2C3AB3A1EDD595800D1F39B /* PBXTargetDependency */ = {
			isa = PBXTargetDependency;
			target = F2C3AB181EDD595700D1F39B /* MoneyKeeper */;
			targetProxy = F2C3AB391EDD595800D1F39B /* PBXContainerItemProxy */;
		};
/* End PBXTargetDependency section */

/* Begin PBXVariantGroup section */
		F27CF3591EEA10B90037F241 /* Records.storyboard */ = {
			isa = PBXVariantGroup;
			children = (
				F27CF35A1EEA10B90037F241 /* Base */,
			);
			name = Records.storyboard;
			sourceTree = "<group>";
		};
		F2C3AB201EDD595700D1F39B /* Main.storyboard */ = {
			isa = PBXVariantGroup;
			children = (
				F2C3AB211EDD595700D1F39B /* Base */,
			);
			name = Main.storyboard;
			sourceTree = "<group>";
		};
		F2C3AB251EDD595700D1F39B /* LaunchScreen.storyboard */ = {
			isa = PBXVariantGroup;
			children = (
				F2C3AB261EDD595700D1F39B /* Base */,
			);
			name = LaunchScreen.storyboard;
			sourceTree = "<group>";
		};
/* End PBXVariantGroup section */

/* Begin XCBuildConfiguration section */
		F2C3AB3F1EDD595800D1F39B /* Debug */ = {
			isa = XCBuildConfiguration;
			buildSettings = {
				ALWAYS_SEARCH_USER_PATHS = NO;
				CLANG_ANALYZER_NONNULL = YES;
				CLANG_ANALYZER_NUMBER_OBJECT_CONVERSION = YES_AGGRESSIVE;
				CLANG_CXX_LANGUAGE_STANDARD = "gnu++0x";
				CLANG_CXX_LIBRARY = "libc++";
				CLANG_ENABLE_MODULES = YES;
				CLANG_ENABLE_OBJC_ARC = YES;
				CLANG_WARN_BOOL_CONVERSION = YES;
				CLANG_WARN_CONSTANT_CONVERSION = YES;
				CLANG_WARN_DIRECT_OBJC_ISA_USAGE = YES_ERROR;
				CLANG_WARN_DOCUMENTATION_COMMENTS = YES;
				CLANG_WARN_EMPTY_BODY = YES;
				CLANG_WARN_ENUM_CONVERSION = YES;
				CLANG_WARN_INFINITE_RECURSION = YES;
				CLANG_WARN_INT_CONVERSION = YES;
				CLANG_WARN_OBJC_ROOT_CLASS = YES_ERROR;
				CLANG_WARN_SUSPICIOUS_MOVE = YES;
				CLANG_WARN_UNREACHABLE_CODE = YES;
				CLANG_WARN__DUPLICATE_METHOD_MATCH = YES;
				"CODE_SIGN_IDENTITY[sdk=iphoneos*]" = "iPhone Developer";
				COPY_PHASE_STRIP = NO;
				DEBUG_INFORMATION_FORMAT = dwarf;
				ENABLE_STRICT_OBJC_MSGSEND = YES;
				ENABLE_TESTABILITY = YES;
				GCC_C_LANGUAGE_STANDARD = gnu99;
				GCC_DYNAMIC_NO_PIC = NO;
				GCC_NO_COMMON_BLOCKS = YES;
				GCC_OPTIMIZATION_LEVEL = 0;
				GCC_PREPROCESSOR_DEFINITIONS = (
					"DEBUG=1",
					"$(inherited)",
				);
				GCC_WARN_64_TO_32_BIT_CONVERSION = YES;
				GCC_WARN_ABOUT_RETURN_TYPE = YES_ERROR;
				GCC_WARN_UNDECLARED_SELECTOR = YES;
				GCC_WARN_UNINITIALIZED_AUTOS = YES_AGGRESSIVE;
				GCC_WARN_UNUSED_FUNCTION = YES;
				GCC_WARN_UNUSED_VARIABLE = YES;
				IPHONEOS_DEPLOYMENT_TARGET = 10.3;
				MTL_ENABLE_DEBUG_INFO = YES;
				ONLY_ACTIVE_ARCH = YES;
				SDKROOT = iphoneos;
				SWIFT_ACTIVE_COMPILATION_CONDITIONS = DEBUG;
				SWIFT_OPTIMIZATION_LEVEL = "-Onone";
			};
			name = Debug;
		};
		F2C3AB401EDD595800D1F39B /* Release */ = {
			isa = XCBuildConfiguration;
			buildSettings = {
				ALWAYS_SEARCH_USER_PATHS = NO;
				CLANG_ANALYZER_NONNULL = YES;
				CLANG_ANALYZER_NUMBER_OBJECT_CONVERSION = YES_AGGRESSIVE;
				CLANG_CXX_LANGUAGE_STANDARD = "gnu++0x";
				CLANG_CXX_LIBRARY = "libc++";
				CLANG_ENABLE_MODULES = YES;
				CLANG_ENABLE_OBJC_ARC = YES;
				CLANG_WARN_BOOL_CONVERSION = YES;
				CLANG_WARN_CONSTANT_CONVERSION = YES;
				CLANG_WARN_DIRECT_OBJC_ISA_USAGE = YES_ERROR;
				CLANG_WARN_DOCUMENTATION_COMMENTS = YES;
				CLANG_WARN_EMPTY_BODY = YES;
				CLANG_WARN_ENUM_CONVERSION = YES;
				CLANG_WARN_INFINITE_RECURSION = YES;
				CLANG_WARN_INT_CONVERSION = YES;
				CLANG_WARN_OBJC_ROOT_CLASS = YES_ERROR;
				CLANG_WARN_SUSPICIOUS_MOVE = YES;
				CLANG_WARN_UNREACHABLE_CODE = YES;
				CLANG_WARN__DUPLICATE_METHOD_MATCH = YES;
				"CODE_SIGN_IDENTITY[sdk=iphoneos*]" = "iPhone Developer";
				COPY_PHASE_STRIP = NO;
				DEBUG_INFORMATION_FORMAT = "dwarf-with-dsym";
				ENABLE_NS_ASSERTIONS = NO;
				ENABLE_STRICT_OBJC_MSGSEND = YES;
				GCC_C_LANGUAGE_STANDARD = gnu99;
				GCC_NO_COMMON_BLOCKS = YES;
				GCC_WARN_64_TO_32_BIT_CONVERSION = YES;
				GCC_WARN_ABOUT_RETURN_TYPE = YES_ERROR;
				GCC_WARN_UNDECLARED_SELECTOR = YES;
				GCC_WARN_UNINITIALIZED_AUTOS = YES_AGGRESSIVE;
				GCC_WARN_UNUSED_FUNCTION = YES;
				GCC_WARN_UNUSED_VARIABLE = YES;
				IPHONEOS_DEPLOYMENT_TARGET = 10.3;
				MTL_ENABLE_DEBUG_INFO = NO;
				SDKROOT = iphoneos;
				SWIFT_OPTIMIZATION_LEVEL = "-Owholemodule";
				VALIDATE_PRODUCT = YES;
			};
			name = Release;
		};
		F2C3AB421EDD595800D1F39B /* Debug */ = {
			isa = XCBuildConfiguration;
			buildSettings = {
				ASSETCATALOG_COMPILER_APPICON_NAME = AppIcon;
				INFOPLIST_FILE = MoneyKeeper/Info.plist;
				LD_RUNPATH_SEARCH_PATHS = "$(inherited) @executable_path/Frameworks";
				PRODUCT_BUNDLE_IDENTIFIER = exemple.com.MoneyKeeper;
				PRODUCT_NAME = "$(TARGET_NAME)";
				SWIFT_VERSION = 3.0;
			};
			name = Debug;
		};
		F2C3AB431EDD595800D1F39B /* Release */ = {
			isa = XCBuildConfiguration;
			buildSettings = {
				ASSETCATALOG_COMPILER_APPICON_NAME = AppIcon;
				INFOPLIST_FILE = MoneyKeeper/Info.plist;
				LD_RUNPATH_SEARCH_PATHS = "$(inherited) @executable_path/Frameworks";
				PRODUCT_BUNDLE_IDENTIFIER = exemple.com.MoneyKeeper;
				PRODUCT_NAME = "$(TARGET_NAME)";
				SWIFT_VERSION = 3.0;
			};
			name = Release;
		};
		F2C3AB451EDD595800D1F39B /* Debug */ = {
			isa = XCBuildConfiguration;
			buildSettings = {
				ALWAYS_EMBED_SWIFT_STANDARD_LIBRARIES = YES;
				BUNDLE_LOADER = "$(TEST_HOST)";
				INFOPLIST_FILE = MoneyKeeperTests/Info.plist;
				LD_RUNPATH_SEARCH_PATHS = "$(inherited) @executable_path/Frameworks @loader_path/Frameworks";
				PRODUCT_BUNDLE_IDENTIFIER = exemple.com.MoneyKeeperTests;
				PRODUCT_NAME = "$(TARGET_NAME)";
				SWIFT_VERSION = 3.0;
				TEST_HOST = "$(BUILT_PRODUCTS_DIR)/MoneyKeeper.app/MoneyKeeper";
			};
			name = Debug;
		};
		F2C3AB461EDD595800D1F39B /* Release */ = {
			isa = XCBuildConfiguration;
			buildSettings = {
				ALWAYS_EMBED_SWIFT_STANDARD_LIBRARIES = YES;
				BUNDLE_LOADER = "$(TEST_HOST)";
				INFOPLIST_FILE = MoneyKeeperTests/Info.plist;
				LD_RUNPATH_SEARCH_PATHS = "$(inherited) @executable_path/Frameworks @loader_path/Frameworks";
				PRODUCT_BUNDLE_IDENTIFIER = exemple.com.MoneyKeeperTests;
				PRODUCT_NAME = "$(TARGET_NAME)";
				SWIFT_VERSION = 3.0;
				TEST_HOST = "$(BUILT_PRODUCTS_DIR)/MoneyKeeper.app/MoneyKeeper";
			};
			name = Release;
		};
		F2C3AB481EDD595800D1F39B /* Debug */ = {
			isa = XCBuildConfiguration;
			buildSettings = {
				ALWAYS_EMBED_SWIFT_STANDARD_LIBRARIES = YES;
				INFOPLIST_FILE = MoneyKeeperUITests/Info.plist;
				LD_RUNPATH_SEARCH_PATHS = "$(inherited) @executable_path/Frameworks @loader_path/Frameworks";
				PRODUCT_BUNDLE_IDENTIFIER = exemple.com.MoneyKeeperUITests;
				PRODUCT_NAME = "$(TARGET_NAME)";
				SWIFT_VERSION = 3.0;
				TEST_TARGET_NAME = MoneyKeeper;
			};
			name = Debug;
		};
		F2C3AB491EDD595800D1F39B /* Release */ = {
			isa = XCBuildConfiguration;
			buildSettings = {
				ALWAYS_EMBED_SWIFT_STANDARD_LIBRARIES = YES;
				INFOPLIST_FILE = MoneyKeeperUITests/Info.plist;
				LD_RUNPATH_SEARCH_PATHS = "$(inherited) @executable_path/Frameworks @loader_path/Frameworks";
				PRODUCT_BUNDLE_IDENTIFIER = exemple.com.MoneyKeeperUITests;
				PRODUCT_NAME = "$(TARGET_NAME)";
				SWIFT_VERSION = 3.0;
				TEST_TARGET_NAME = MoneyKeeper;
			};
			name = Release;
		};
/* End XCBuildConfiguration section */

/* Begin XCConfigurationList section */
		F2C3AB141EDD595700D1F39B /* Build configuration list for PBXProject "MoneyKeeper" */ = {
			isa = XCConfigurationList;
			buildConfigurations = (
				F2C3AB3F1EDD595800D1F39B /* Debug */,
				F2C3AB401EDD595800D1F39B /* Release */,
			);
			defaultConfigurationIsVisible = 0;
			defaultConfigurationName = Release;
		};
		F2C3AB411EDD595800D1F39B /* Build configuration list for PBXNativeTarget "MoneyKeeper" */ = {
			isa = XCConfigurationList;
			buildConfigurations = (
				F2C3AB421EDD595800D1F39B /* Debug */,
				F2C3AB431EDD595800D1F39B /* Release */,
			);
			defaultConfigurationIsVisible = 0;
			defaultConfigurationName = Release;
		};
		F2C3AB441EDD595800D1F39B /* Build configuration list for PBXNativeTarget "MoneyKeeperTests" */ = {
			isa = XCConfigurationList;
			buildConfigurations = (
				F2C3AB451EDD595800D1F39B /* Debug */,
				F2C3AB461EDD595800D1F39B /* Release */,
			);
			defaultConfigurationIsVisible = 0;
			defaultConfigurationName = Release;
		};
		F2C3AB471EDD595800D1F39B /* Build configuration list for PBXNativeTarget "MoneyKeeperUITests" */ = {
			isa = XCConfigurationList;
			buildConfigurations = (
				F2C3AB481EDD595800D1F39B /* Debug */,
				F2C3AB491EDD595800D1F39B /* Release */,
			);
			defaultConfigurationIsVisible = 0;
			defaultConfigurationName = Release;
		};
/* End XCConfigurationList section */
	};
	rootObject = F2C3AB111EDD595700D1F39B /* Project object */;
}
